
Microsoft Visual Studio Solution File, Format Version 12.00
# Visual Studio Version 17
VisualStudioVersion = 17.9.34622.214
MinimumVisualStudioVersion = 10.0.40219.1
Project("{FAE04EC0-301F-11D3-BF4B-00C04F79EFBC}") = "SingleResponsibility", "SingleResponsibility\SingleResponsibility.csproj", "{99F26821-6AA7-491F-8DAB-1F783EAA2EC6}"
EndProject
Project("{FAE04EC0-301F-11D3-BF4B-00C04F79EFBC}") = "OpenClosed", "OpenClosed\OpenClosed.csproj", "{656ACBC3-CF67-4A7C-9910-46F0A9E13CE8}"
EndProject
Project("{FAE04EC0-301F-11D3-BF4B-00C04F79EFBC}") = "LiskovSubstitution", "LiskovSubstitution\LiskovSubstitution.csproj", "{3E3D5A13-C915-45F1-9BA3-AB4CBA440002}"
EndProject
Project("{FAE04EC0-301F-11D3-BF4B-00C04F79EFBC}") = "InterfaceSegregation", "InterfaceSegregation\InterfaceSegregation.csproj", "{0E01E5E3-A86D-4822-B087-8A682C154D82}"
EndProject
Global
	GlobalSection(SolutionConfigurationPlatforms) = preSolution
		Debug|Any CPU = Debug|Any CPU
		Release|Any CPU = Release|Any CPU
	EndGlobalSection
	GlobalSection(ProjectConfigurationPlatforms) = postSolution
		{99F26821-6AA7-491F-8DAB-1F783EAA2EC6}.Debug|Any CPU.ActiveCfg = Debug|Any CPU
		{99F26821-6AA7-491F-8DAB-1F783EAA2EC6}.Debug|Any CPU.Build.0 = Debug|Any CPU
		{99F26821-6AA7-491F-8DAB-1F783EAA2EC6}.Release|Any CPU.ActiveCfg = Release|Any CPU
		{99F26821-6AA7-491F-8DAB-1F783EAA2EC6}.Release|Any CPU.Build.0 = Release|Any CPU
		{656ACBC3-CF67-4A7C-9910-46F0A9E13CE8}.Debug|Any CPU.ActiveCfg = Debug|Any CPU
		{656ACBC3-CF67-4A7C-9910-46F0A9E13CE8}.Debug|Any CPU.Build.0 = Debug|Any CPU
		{656ACBC3-CF67-4A7C-9910-46F0A9E13CE8}.Release|Any CPU.ActiveCfg = Release|Any CPU
		{656ACBC3-CF67-4A7C-9910-46F0A9E13CE8}.Release|Any CPU.Build.0 = Release|Any CPU
		{3E3D5A13-C915-45F1-9BA3-AB4CBA440002}.Debug|Any CPU.ActiveCfg = Debug|Any CPU
		{3E3D5A13-C915-45F1-9BA3-AB4CBA440002}.Debug|Any CPU.Build.0 = Debug|Any CPU
		{3E3D5A13-C915-45F1-9BA3-AB4CBA440002}.Release|Any CPU.ActiveCfg = Release|Any CPU
		{3E3D5A13-C915-45F1-9BA3-AB4CBA440002}.Release|Any CPU.Build.0 = Release|Any CPU
		{0E01E5E3-A86D-4822-B087-8A682C154D82}.Debug|Any CPU.ActiveCfg = Debug|Any CPU
		{0E01E5E3-A86D-4822-B087-8A682C154D82}.Debug|Any CPU.Build.0 = Debug|Any CPU
		{0E01E5E3-A86D-4822-B087-8A682C154D82}.Release|Any CPU.ActiveCfg = Release|Any CPU
		{0E01E5E3-A86D-4822-B087-8A682C154D82}.Release|Any CPU.Build.0 = Release|Any CPU
	EndGlobalSection
	GlobalSection(SolutionProperties) = preSolution
		HideSolutionNode = FALSE
	EndGlobalSection
	GlobalSection(ExtensibilityGlobals) = postSolution
		SolutionGuid = {1F4AFF99-2C91-4964-ADAB-14CA2C6D37B7}
	EndGlobalSection
EndGlobal
